// !$*UTF8*$!
{
	archiveVersion = 1;
	classes = {
	};
	objectVersion = 48;
	objects = {

/* Begin PBXBuildFile section */
		23028AA320B163A600690FCE /* SelfTestOver.swift in Sources */ = {isa = PBXBuildFile; fileRef = 23028AA220B163A600690FCE /* SelfTestOver.swift */; };
		23048D6620AD54950062CBAA /* UIDeviceExt.swift in Sources */ = {isa = PBXBuildFile; fileRef = 23048D6520AD54950062CBAA /* UIDeviceExt.swift */; };
		231FABE9209ECE7500E5B71F /* 411.m4a in Resources */ = {isa = PBXBuildFile; fileRef = 231FABCC209ECE7500E5B71F /* 411.m4a */; };
		231FABEA209ECE7500E5B71F /* 6.m4a in Resources */ = {isa = PBXBuildFile; fileRef = 231FABCF209ECE7500E5B71F /* 6.m4a */; };
		231FABEB209ECE7500E5B71F /* 5.m4a in Resources */ = {isa = PBXBuildFile; fileRef = 231FABD1209ECE7500E5B71F /* 5.m4a */; };
		231FABEC209ECE7500E5B71F /* 4.m4a in Resources */ = {isa = PBXBuildFile; fileRef = 231FABD3209ECE7500E5B71F /* 4.m4a */; };
		231FABED209ECE7500E5B71F /* 33.m4a in Resources */ = {isa = PBXBuildFile; fileRef = 231FABD5209ECE7500E5B71F /* 33.m4a */; };
		231FABEE209ECE7500E5B71F /* 494.m4a in Resources */ = {isa = PBXBuildFile; fileRef = 231FABD7209ECE7500E5B71F /* 494.m4a */; };
		231FABEF209ECE7500E5B71F /* 1.m4a in Resources */ = {isa = PBXBuildFile; fileRef = 231FABDA209ECE7500E5B71F /* 1.m4a */; };
		231FABF0209ECE7500E5B71F /* 520.m4a in Resources */ = {isa = PBXBuildFile; fileRef = 231FABDC209ECE7500E5B71F /* 520.m4a */; };
		231FABF1209ECE7500E5B71F /* 372.m4a in Resources */ = {isa = PBXBuildFile; fileRef = 231FABDE209ECE7500E5B71F /* 372.m4a */; };
		231FABF2209ECE7500E5B71F /* 100.m4a in Resources */ = {isa = PBXBuildFile; fileRef = 231FABE0209ECE7500E5B71F /* 100.m4a */; };
		231FABF3209ECE7500E5B71F /* 8.m4a in Resources */ = {isa = PBXBuildFile; fileRef = 231FABE2209ECE7500E5B71F /* 8.m4a */; };
		231FABF4209ECE7500E5B71F /* 7.m4a in Resources */ = {isa = PBXBuildFile; fileRef = 231FABE4209ECE7500E5B71F /* 7.m4a */; };
		231FABF5209ECE7500E5B71F /* 13.m4a in Resources */ = {isa = PBXBuildFile; fileRef = 231FABE6209ECE7500E5B71F /* 13.m4a */; };
		231FABF6209ECE7500E5B71F /* 18.m4a in Resources */ = {isa = PBXBuildFile; fileRef = 231FABE8209ECE7500E5B71F /* 18.m4a */; };
		231FABF8209ED06500E5B71F /* MusicChosen.swift in Sources */ = {isa = PBXBuildFile; fileRef = 231FABF7209ED06500E5B71F /* MusicChosen.swift */; };
		2323E3AC2092130B00906DD4 /* StoreFileManager.swift in Sources */ = {isa = PBXBuildFile; fileRef = 2323E3AB2092130B00906DD4 /* StoreFileManager.swift */; };
		2335A305204CEAB30057BDCB /* AddClock.swift in Sources */ = {isa = PBXBuildFile; fileRef = 2335A304204CEAB30057BDCB /* AddClock.swift */; };
		2335A307204D28CF0057BDCB /* Statistics.swift in Sources */ = {isa = PBXBuildFile; fileRef = 2335A306204D28CF0057BDCB /* Statistics.swift */; };
		2335A309204D41300057BDCB /* Ringing.swift in Sources */ = {isa = PBXBuildFile; fileRef = 2335A308204D41300057BDCB /* Ringing.swift */; };
		2335A30B204D41550057BDCB /* Feedback.swift in Sources */ = {isa = PBXBuildFile; fileRef = 2335A30A204D41550057BDCB /* Feedback.swift */; };
		233C534B204C1F8B00D0383C /* Setting.swift in Sources */ = {isa = PBXBuildFile; fileRef = 233C534A204C1F8B00D0383C /* Setting.swift */; };
		235CB22A20AFE4E5008A297F /* NormalProblems.swift in Sources */ = {isa = PBXBuildFile; fileRef = 235CB22920AFE4E5008A297F /* NormalProblems.swift */; };
		235CB22C20B0029F008A297F /* SelfTestAlert.swift in Sources */ = {isa = PBXBuildFile; fileRef = 235CB22B20B0029F008A297F /* SelfTestAlert.swift */; };
		235CB22E20B04C47008A297F /* SelfTest1.swift in Sources */ = {isa = PBXBuildFile; fileRef = 235CB22D20B04C47008A297F /* SelfTest1.swift */; };
		235CB23020B051C1008A297F /* SelfTest3.swift in Sources */ = {isa = PBXBuildFile; fileRef = 235CB22F20B051C1008A297F /* SelfTest3.swift */; };
		235CB23220B052D6008A297F /* SelfTest4.swift in Sources */ = {isa = PBXBuildFile; fileRef = 235CB23120B052D6008A297F /* SelfTest4.swift */; };
		235CB23420B053D4008A297F /* SelfTest5.swift in Sources */ = {isa = PBXBuildFile; fileRef = 235CB23320B053D4008A297F /* SelfTest5.swift */; };
		235CB23620B053FE008A297F /* SelfTest6.swift in Sources */ = {isa = PBXBuildFile; fileRef = 235CB23520B053FE008A297F /* SelfTest6.swift */; };
		235CB23820B05408008A297F /* SelfTest2.swift in Sources */ = {isa = PBXBuildFile; fileRef = 235CB23720B05408008A297F /* SelfTest2.swift */; };
		23C1C44920D55AED00D8F5A6 /* StartPage.swift in Sources */ = {isa = PBXBuildFile; fileRef = 23C1C44820D55AED00D8F5A6 /* StartPage.swift */; };
		23C1C44B20D560EF00D8F5A6 /* StartPageCell.swift in Sources */ = {isa = PBXBuildFile; fileRef = 23C1C44A20D560EF00D8F5A6 /* StartPageCell.swift */; };
		23D12B3C209DE408004CE803 /* GuideView.swift in Sources */ = {isa = PBXBuildFile; fileRef = 23D12B3B209DE408004CE803 /* GuideView.swift */; };
		23D63941208DD93000385A17 /* FontSizeAdaptor.swift in Sources */ = {isa = PBXBuildFile; fileRef = 23D63940208DD93000385A17 /* FontSizeAdaptor.swift */; };
		23F5D3D320503C2E006707AC /* Alarm.swift in Sources */ = {isa = PBXBuildFile; fileRef = 23F5D3D220503C2E006707AC /* Alarm.swift */; };
		23F73F4C204AE566005223CD /* AppDelegate.swift in Sources */ = {isa = PBXBuildFile; fileRef = 23F73F4B204AE566005223CD /* AppDelegate.swift */; };
		23F73F51204AE566005223CD /* Main.storyboard in Resources */ = {isa = PBXBuildFile; fileRef = 23F73F4F204AE566005223CD /* Main.storyboard */; };
		23F73F53204AE566005223CD /* Assets.xcassets in Resources */ = {isa = PBXBuildFile; fileRef = 23F73F52204AE566005223CD /* Assets.xcassets */; };
		23F73F56204AE566005223CD /* LaunchScreen.storyboard in Resources */ = {isa = PBXBuildFile; fileRef = 23F73F54204AE566005223CD /* LaunchScreen.storyboard */; };
		23F73F61204AE566005223CD /* EmoClockTests.swift in Sources */ = {isa = PBXBuildFile; fileRef = 23F73F60204AE566005223CD /* EmoClockTests.swift */; };
		23F73F6C204AE566005223CD /* EmoClockUITests.swift in Sources */ = {isa = PBXBuildFile; fileRef = 23F73F6B204AE566005223CD /* EmoClockUITests.swift */; };
		23F73F9A204AFC95005223CD /* MainPage.swift in Sources */ = {isa = PBXBuildFile; fileRef = 23F73F99204AFC95005223CD /* MainPage.swift */; };
/* End PBXBuildFile section */

/* Begin PBXContainerItemProxy section */
		23F73F5D204AE566005223CD /* PBXContainerItemProxy */ = {
			isa = PBXContainerItemProxy;
			containerPortal = 23F73F40204AE566005223CD /* Project object */;
			proxyType = 1;
			remoteGlobalIDString = 23F73F47204AE566005223CD;
			remoteInfo = EmoClock;
		};
		23F73F68204AE566005223CD /* PBXContainerItemProxy */ = {
			isa = PBXContainerItemProxy;
			containerPortal = 23F73F40204AE566005223CD /* Project object */;
			proxyType = 1;
			remoteGlobalIDString = 23F73F47204AE566005223CD;
			remoteInfo = EmoClock;
		};
/* End PBXContainerItemProxy section */

/* Begin PBXCopyFilesBuildPhase section */
		23F44F682055036E00AE993B /* Embed App Extensions */ = {
			isa = PBXCopyFilesBuildPhase;
			buildActionMask = 2147483647;
			dstPath = "";
			dstSubfolderSpec = 13;
			files = (
			);
			name = "Embed App Extensions";
			runOnlyForDeploymentPostprocessing = 0;
		};
/* End PBXCopyFilesBuildPhase section */

/* Begin PBXFileReference section */
		23028AA220B163A600690FCE /* SelfTestOver.swift */ = {isa = PBXFileReference; lastKnownFileType = sourcecode.swift; path = SelfTestOver.swift; sourceTree = "<group>"; };
		23048D6520AD54950062CBAA /* UIDeviceExt.swift */ = {isa = PBXFileReference; lastKnownFileType = sourcecode.swift; path = UIDeviceExt.swift; sourceTree = "<group>"; };
		231FABCC209ECE7500E5B71F /* 411.m4a */ = {isa = PBXFileReference; lastKnownFileType = file; path = 411.m4a; sourceTree = "<group>"; };
		231FABCF209ECE7500E5B71F /* 6.m4a */ = {isa = PBXFileReference; lastKnownFileType = file; path = 6.m4a; sourceTree = "<group>"; };
		231FABD1209ECE7500E5B71F /* 5.m4a */ = {isa = PBXFileReference; lastKnownFileType = file; path = 5.m4a; sourceTree = "<group>"; };
		231FABD3209ECE7500E5B71F /* 4.m4a */ = {isa = PBXFileReference; lastKnownFileType = file; path = 4.m4a; sourceTree = "<group>"; };
		231FABD5209ECE7500E5B71F /* 33.m4a */ = {isa = PBXFileReference; lastKnownFileType = file; path = 33.m4a; sourceTree = "<group>"; };
		231FABD7209ECE7500E5B71F /* 494.m4a */ = {isa = PBXFileReference; lastKnownFileType = file; path = 494.m4a; sourceTree = "<group>"; };
		231FABDA209ECE7500E5B71F /* 1.m4a */ = {isa = PBXFileReference; lastKnownFileType = file; path = 1.m4a; sourceTree = "<group>"; };
		231FABDC209ECE7500E5B71F /* 520.m4a */ = {isa = PBXFileReference; lastKnownFileType = file; path = 520.m4a; sourceTree = "<group>"; };
		231FABDE209ECE7500E5B71F /* 372.m4a */ = {isa = PBXFileReference; lastKnownFileType = file; path = 372.m4a; sourceTree = "<group>"; };
		231FABE0209ECE7500E5B71F /* 100.m4a */ = {isa = PBXFileReference; lastKnownFileType = file; path = 100.m4a; sourceTree = "<group>"; };
		231FABE2209ECE7500E5B71F /* 8.m4a */ = {isa = PBXFileReference; lastKnownFileType = file; path = 8.m4a; sourceTree = "<group>"; };
		231FABE4209ECE7500E5B71F /* 7.m4a */ = {isa = PBXFileReference; lastKnownFileType = file; path = 7.m4a; sourceTree = "<group>"; };
		231FABE6209ECE7500E5B71F /* 13.m4a */ = {isa = PBXFileReference; lastKnownFileType = file; path = 13.m4a; sourceTree = "<group>"; };
		231FABE8209ECE7500E5B71F /* 18.m4a */ = {isa = PBXFileReference; lastKnownFileType = file; path = 18.m4a; sourceTree = "<group>"; };
		231FABF7209ED06500E5B71F /* MusicChosen.swift */ = {isa = PBXFileReference; lastKnownFileType = sourcecode.swift; path = MusicChosen.swift; sourceTree = "<group>"; };
		2323E3AB2092130B00906DD4 /* StoreFileManager.swift */ = {isa = PBXFileReference; lastKnownFileType = sourcecode.swift; path = StoreFileManager.swift; sourceTree = "<group>"; };
		2335A304204CEAB30057BDCB /* AddClock.swift */ = {isa = PBXFileReference; lastKnownFileType = sourcecode.swift; path = AddClock.swift; sourceTree = "<group>"; };
		2335A306204D28CF0057BDCB /* Statistics.swift */ = {isa = PBXFileReference; lastKnownFileType = sourcecode.swift; path = Statistics.swift; sourceTree = "<group>"; };
		2335A308204D41300057BDCB /* Ringing.swift */ = {isa = PBXFileReference; lastKnownFileType = sourcecode.swift; path = Ringing.swift; sourceTree = "<group>"; };
		2335A30A204D41550057BDCB /* Feedback.swift */ = {isa = PBXFileReference; lastKnownFileType = sourcecode.swift; path = Feedback.swift; sourceTree = "<group>"; };
		233C534A204C1F8B00D0383C /* Setting.swift */ = {isa = PBXFileReference; lastKnownFileType = sourcecode.swift; path = Setting.swift; sourceTree = "<group>"; };
		235CB22920AFE4E5008A297F /* NormalProblems.swift */ = {isa = PBXFileReference; lastKnownFileType = sourcecode.swift; path = NormalProblems.swift; sourceTree = "<group>"; };
		235CB22B20B0029F008A297F /* SelfTestAlert.swift */ = {isa = PBXFileReference; lastKnownFileType = sourcecode.swift; path = SelfTestAlert.swift; sourceTree = "<group>"; };
		235CB22D20B04C47008A297F /* SelfTest1.swift */ = {isa = PBXFileReference; lastKnownFileType = sourcecode.swift; path = SelfTest1.swift; sourceTree = "<group>"; };
		235CB22F20B051C1008A297F /* SelfTest3.swift */ = {isa = PBXFileReference; lastKnownFileType = sourcecode.swift; path = SelfTest3.swift; sourceTree = "<group>"; };
		235CB23120B052D6008A297F /* SelfTest4.swift */ = {isa = PBXFileReference; lastKnownFileType = sourcecode.swift; path = SelfTest4.swift; sourceTree = "<group>"; };
		235CB23320B053D4008A297F /* SelfTest5.swift */ = {isa = PBXFileReference; lastKnownFileType = sourcecode.swift; path = SelfTest5.swift; sourceTree = "<group>"; };
		235CB23520B053FE008A297F /* SelfTest6.swift */ = {isa = PBXFileReference; lastKnownFileType = sourcecode.swift; path = SelfTest6.swift; sourceTree = "<group>"; };
		235CB23720B05408008A297F /* SelfTest2.swift */ = {isa = PBXFileReference; lastKnownFileType = sourcecode.swift; path = SelfTest2.swift; sourceTree = "<group>"; };
		23C1C44820D55AED00D8F5A6 /* StartPage.swift */ = {isa = PBXFileReference; lastKnownFileType = sourcecode.swift; path = StartPage.swift; sourceTree = "<group>"; };
		23C1C44A20D560EF00D8F5A6 /* StartPageCell.swift */ = {isa = PBXFileReference; lastKnownFileType = sourcecode.swift; path = StartPageCell.swift; sourceTree = "<group>"; };
		23D12B3B209DE408004CE803 /* GuideView.swift */ = {isa = PBXFileReference; lastKnownFileType = sourcecode.swift; path = GuideView.swift; sourceTree = "<group>"; };
		23D63940208DD93000385A17 /* FontSizeAdaptor.swift */ = {isa = PBXFileReference; lastKnownFileType = sourcecode.swift; path = FontSizeAdaptor.swift; sourceTree = "<group>"; };
		23F44F572055036E00AE993B /* UserNotifications.framework */ = {isa = PBXFileReference; lastKnownFileType = wrapper.framework; name = UserNotifications.framework; path = System/Library/Frameworks/UserNotifications.framework; sourceTree = SDKROOT; };
		23F44F592055036E00AE993B /* UserNotificationsUI.framework */ = {isa = PBXFileReference; lastKnownFileType = wrapper.framework; name = UserNotificationsUI.framework; path = System/Library/Frameworks/UserNotificationsUI.framework; sourceTree = SDKROOT; };
		23F5D3D220503C2E006707AC /* Alarm.swift */ = {isa = PBXFileReference; lastKnownFileType = sourcecode.swift; path = Alarm.swift; sourceTree = "<group>"; };
		23F73F48204AE566005223CD /* EmoClock.app */ = {isa = PBXFileReference; explicitFileType = wrapper.application; includeInIndex = 0; path = EmoClock.app; sourceTree = BUILT_PRODUCTS_DIR; };
		23F73F4B204AE566005223CD /* AppDelegate.swift */ = {isa = PBXFileReference; lastKnownFileType = sourcecode.swift; path = AppDelegate.swift; sourceTree = "<group>"; };
		23F73F50204AE566005223CD /* Base */ = {isa = PBXFileReference; lastKnownFileType = file.storyboard; name = Base; path = Base.lproj/Main.storyboard; sourceTree = "<group>"; };
		23F73F52204AE566005223CD /* Assets.xcassets */ = {isa = PBXFileReference; lastKnownFileType = folder.assetcatalog; path = Assets.xcassets; sourceTree = "<group>"; };
		23F73F55204AE566005223CD /* Base */ = {isa = PBXFileReference; lastKnownFileType = file.storyboard; name = Base; path = Base.lproj/LaunchScreen.storyboard; sourceTree = "<group>"; };
		23F73F57204AE566005223CD /* Info.plist */ = {isa = PBXFileReference; lastKnownFileType = text.plist.xml; path = Info.plist; sourceTree = "<group>"; };
		23F73F5C204AE566005223CD /* EmoClockTests.xctest */ = {isa = PBXFileReference; explicitFileType = wrapper.cfbundle; includeInIndex = 0; path = EmoClockTests.xctest; sourceTree = BUILT_PRODUCTS_DIR; };
		23F73F60204AE566005223CD /* EmoClockTests.swift */ = {isa = PBXFileReference; lastKnownFileType = sourcecode.swift; path = EmoClockTests.swift; sourceTree = "<group>"; };
		23F73F62204AE566005223CD /* Info.plist */ = {isa = PBXFileReference; lastKnownFileType = text.plist.xml; path = Info.plist; sourceTree = "<group>"; };
		23F73F67204AE566005223CD /* EmoClockUITests.xctest */ = {isa = PBXFileReference; explicitFileType = wrapper.cfbundle; includeInIndex = 0; path = EmoClockUITests.xctest; sourceTree = BUILT_PRODUCTS_DIR; };
		23F73F6B204AE566005223CD /* EmoClockUITests.swift */ = {isa = PBXFileReference; lastKnownFileType = sourcecode.swift; path = EmoClockUITests.swift; sourceTree = "<group>"; };
		23F73F6D204AE566005223CD /* Info.plist */ = {isa = PBXFileReference; lastKnownFileType = text.plist.xml; path = Info.plist; sourceTree = "<group>"; };
		23F73F99204AFC95005223CD /* MainPage.swift */ = {isa = PBXFileReference; lastKnownFileType = sourcecode.swift; path = MainPage.swift; sourceTree = "<group>"; };
/* End PBXFileReference section */

/* Begin PBXFrameworksBuildPhase section */
		23F73F45204AE566005223CD /* Frameworks */ = {
			isa = PBXFrameworksBuildPhase;
			buildActionMask = 2147483647;
			files = (
			);
			runOnlyForDeploymentPostprocessing = 0;
		};
		23F73F59204AE566005223CD /* Frameworks */ = {
			isa = PBXFrameworksBuildPhase;
			buildActionMask = 2147483647;
			files = (
			);
			runOnlyForDeploymentPostprocessing = 0;
		};
		23F73F64204AE566005223CD /* Frameworks */ = {
			isa = PBXFrameworksBuildPhase;
			buildActionMask = 2147483647;
			files = (
			);
			runOnlyForDeploymentPostprocessing = 0;
		};
/* End PBXFrameworksBuildPhase section */

/* Begin PBXGroup section */
		231FABCA209ECE7500E5B71F /* music */ = {
			isa = PBXGroup;
			children = (
				231FABCB209ECE7500E5B71F /* I */,
				231FABCD209ECE7500E5B71F /* N */,
				231FABCE209ECE7500E5B71F /* G */,
				231FABD0209ECE7500E5B71F /* A */,
				231FABD2209ECE7500E5B71F /* F */,
				231FABD4209ECE7500E5B71F /* O */,
				231FABD6209ECE7500E5B71F /* H */,
				231FABD8209ECE7500E5B71F /* M */,
				231FABD9209ECE7500E5B71F /* J */,
				231FABDB209ECE7500E5B71F /* C */,
				231FABDD209ECE7500E5B71F /* D */,
				231FABDF209ECE7500E5B71F /* E */,
				231FABE1209ECE7500E5B71F /* B */,
				231FABE3209ECE7500E5B71F /* K */,
				231FABE5209ECE7500E5B71F /* L */,
				231FABE7209ECE7500E5B71F /* P */,
			);
			path = music;
			sourceTree = "<group>";
		};
		231FABCB209ECE7500E5B71F /* I */ = {
			isa = PBXGroup;
			children = (
				231FABCC209ECE7500E5B71F /* 411.m4a */,
			);
			path = I;
			sourceTree = "<group>";
		};
		231FABCD209ECE7500E5B71F /* N */ = {
			isa = PBXGroup;
			children = (
			);
			path = N;
			sourceTree = "<group>";
		};
		231FABCE209ECE7500E5B71F /* G */ = {
			isa = PBXGroup;
			children = (
				231FABCF209ECE7500E5B71F /* 6.m4a */,
			);
			path = G;
			sourceTree = "<group>";
		};
		231FABD0209ECE7500E5B71F /* A */ = {
			isa = PBXGroup;
			children = (
				231FABD1209ECE7500E5B71F /* 5.m4a */,
			);
			path = A;
			sourceTree = "<group>";
		};
		231FABD2209ECE7500E5B71F /* F */ = {
			isa = PBXGroup;
			children = (
				231FABD3209ECE7500E5B71F /* 4.m4a */,
			);
			path = F;
			sourceTree = "<group>";
		};
		231FABD4209ECE7500E5B71F /* O */ = {
			isa = PBXGroup;
			children = (
				231FABD5209ECE7500E5B71F /* 33.m4a */,
			);
			path = O;
			sourceTree = "<group>";
		};
		231FABD6209ECE7500E5B71F /* H */ = {
			isa = PBXGroup;
			children = (
				231FABD7209ECE7500E5B71F /* 494.m4a */,
			);
			path = H;
			sourceTree = "<group>";
		};
		231FABD8209ECE7500E5B71F /* M */ = {
			isa = PBXGroup;
			children = (
			);
			path = M;
			sourceTree = "<group>";
		};
		231FABD9209ECE7500E5B71F /* J */ = {
			isa = PBXGroup;
			children = (
				231FABDA209ECE7500E5B71F /* 1.m4a */,
			);
			path = J;
			sourceTree = "<group>";
		};
		231FABDB209ECE7500E5B71F /* C */ = {
			isa = PBXGroup;
			children = (
				231FABDC209ECE7500E5B71F /* 520.m4a */,
			);
			path = C;
			sourceTree = "<group>";
		};
		231FABDD209ECE7500E5B71F /* D */ = {
			isa = PBXGroup;
			children = (
				231FABDE209ECE7500E5B71F /* 372.m4a */,
			);
			path = D;
			sourceTree = "<group>";
		};
		231FABDF209ECE7500E5B71F /* E */ = {
			isa = PBXGroup;
			children = (
				231FABE0209ECE7500E5B71F /* 100.m4a */,
			);
			path = E;
			sourceTree = "<group>";
		};
		231FABE1209ECE7500E5B71F /* B */ = {
			isa = PBXGroup;
			children = (
				231FABE2209ECE7500E5B71F /* 8.m4a */,
			);
			path = B;
			sourceTree = "<group>";
		};
		231FABE3209ECE7500E5B71F /* K */ = {
			isa = PBXGroup;
			children = (
				231FABE4209ECE7500E5B71F /* 7.m4a */,
			);
			path = K;
			sourceTree = "<group>";
		};
		231FABE5209ECE7500E5B71F /* L */ = {
			isa = PBXGroup;
			children = (
				231FABE6209ECE7500E5B71F /* 13.m4a */,
			);
			path = L;
			sourceTree = "<group>";
		};
		231FABE7209ECE7500E5B71F /* P */ = {
			isa = PBXGroup;
			children = (
				231FABE8209ECE7500E5B71F /* 18.m4a */,
			);
			path = P;
			sourceTree = "<group>";
		};
		23F44F562055036E00AE993B /* Frameworks */ = {
			isa = PBXGroup;
			children = (
				23F44F572055036E00AE993B /* UserNotifications.framework */,
				23F44F592055036E00AE993B /* UserNotificationsUI.framework */,
			);
			name = Frameworks;
			sourceTree = "<group>";
		};
		23F73F3F204AE566005223CD = {
			isa = PBXGroup;
			children = (
				23F73F4A204AE566005223CD /* EmoClock */,
				23F73F5F204AE566005223CD /* EmoClockTests */,
				23F73F6A204AE566005223CD /* EmoClockUITests */,
				23F44F562055036E00AE993B /* Frameworks */,
				23F73F49204AE566005223CD /* Products */,
			);
			sourceTree = "<group>";
		};
		23F73F49204AE566005223CD /* Products */ = {
			isa = PBXGroup;
			children = (
				23F73F48204AE566005223CD /* EmoClock.app */,
				23F73F5C204AE566005223CD /* EmoClockTests.xctest */,
				23F73F67204AE566005223CD /* EmoClockUITests.xctest */,
			);
			name = Products;
			sourceTree = "<group>";
		};
		23F73F4A204AE566005223CD /* EmoClock */ = {
			isa = PBXGroup;
			children = (
				231FABCA209ECE7500E5B71F /* music */,
				23F73F4B204AE566005223CD /* AppDelegate.swift */,
				23048D6520AD54950062CBAA /* UIDeviceExt.swift */,
				2335A308204D41300057BDCB /* Ringing.swift */,
				23F5D3D220503C2E006707AC /* Alarm.swift */,
				2335A30A204D41550057BDCB /* Feedback.swift */,
				2335A306204D28CF0057BDCB /* Statistics.swift */,
				2335A304204CEAB30057BDCB /* AddClock.swift */,
				23F73F4F204AE566005223CD /* Main.storyboard */,
				23F73F52204AE566005223CD /* Assets.xcassets */,
				23F73F54204AE566005223CD /* LaunchScreen.storyboard */,
				23F73F57204AE566005223CD /* Info.plist */,
				23F73F99204AFC95005223CD /* MainPage.swift */,
				233C534A204C1F8B00D0383C /* Setting.swift */,
				23D63940208DD93000385A17 /* FontSizeAdaptor.swift */,
				2323E3AB2092130B00906DD4 /* StoreFileManager.swift */,
				23D12B3B209DE408004CE803 /* GuideView.swift */,
				231FABF7209ED06500E5B71F /* MusicChosen.swift */,
				235CB22920AFE4E5008A297F /* NormalProblems.swift */,
				235CB22B20B0029F008A297F /* SelfTestAlert.swift */,
				235CB22D20B04C47008A297F /* SelfTest1.swift */,
				235CB22F20B051C1008A297F /* SelfTest3.swift */,
				235CB23120B052D6008A297F /* SelfTest4.swift */,
				235CB23320B053D4008A297F /* SelfTest5.swift */,
				235CB23520B053FE008A297F /* SelfTest6.swift */,
				235CB23720B05408008A297F /* SelfTest2.swift */,
				23028AA220B163A600690FCE /* SelfTestOver.swift */,
				23C1C44820D55AED00D8F5A6 /* StartPage.swift */,
				23C1C44A20D560EF00D8F5A6 /* StartPageCell.swift */,
			);
			path = EmoClock;
			sourceTree = "<group>";
		};
		23F73F5F204AE566005223CD /* EmoClockTests */ = {
			isa = PBXGroup;
			children = (
				23F73F60204AE566005223CD /* EmoClockTests.swift */,
				23F73F62204AE566005223CD /* Info.plist */,
			);
			path = EmoClockTests;
			sourceTree = "<group>";
		};
		23F73F6A204AE566005223CD /* EmoClockUITests */ = {
			isa = PBXGroup;
			children = (
				23F73F6B204AE566005223CD /* EmoClockUITests.swift */,
				23F73F6D204AE566005223CD /* Info.plist */,
			);
			path = EmoClockUITests;
			sourceTree = "<group>";
		};
/* End PBXGroup section */

/* Begin PBXNativeTarget section */
		23F73F47204AE566005223CD /* EmoClock */ = {
			isa = PBXNativeTarget;
			buildConfigurationList = 23F73F70204AE566005223CD /* Build configuration list for PBXNativeTarget "EmoClock" */;
			buildPhases = (
				23F73F44204AE566005223CD /* Sources */,
				23F73F45204AE566005223CD /* Frameworks */,
				23F73F46204AE566005223CD /* Resources */,
				23F44F682055036E00AE993B /* Embed App Extensions */,
			);
			buildRules = (
			);
			dependencies = (
			);
			name = EmoClock;
			productName = EmoClock;
			productReference = 23F73F48204AE566005223CD /* EmoClock.app */;
			productType = "com.apple.product-type.application";
		};
		23F73F5B204AE566005223CD /* EmoClockTests */ = {
			isa = PBXNativeTarget;
			buildConfigurationList = 23F73F73204AE566005223CD /* Build configuration list for PBXNativeTarget "EmoClockTests" */;
			buildPhases = (
				23F73F58204AE566005223CD /* Sources */,
				23F73F59204AE566005223CD /* Frameworks */,
				23F73F5A204AE566005223CD /* Resources */,
			);
			buildRules = (
			);
			dependencies = (
				23F73F5E204AE566005223CD /* PBXTargetDependency */,
			);
			name = EmoClockTests;
			productName = EmoClockTests;
			productReference = 23F73F5C204AE566005223CD /* EmoClockTests.xctest */;
			productType = "com.apple.product-type.bundle.unit-test";
		};
		23F73F66204AE566005223CD /* EmoClockUITests */ = {
			isa = PBXNativeTarget;
			buildConfigurationList = 23F73F76204AE566005223CD /* Build configuration list for PBXNativeTarget "EmoClockUITests" */;
			buildPhases = (
				23F73F63204AE566005223CD /* Sources */,
				23F73F64204AE566005223CD /* Frameworks */,
				23F73F65204AE566005223CD /* Resources */,
			);
			buildRules = (
			);
			dependencies = (
				23F73F69204AE566005223CD /* PBXTargetDependency */,
			);
			name = EmoClockUITests;
			productName = EmoClockUITests;
			productReference = 23F73F67204AE566005223CD /* EmoClockUITests.xctest */;
			productType = "com.apple.product-type.bundle.ui-testing";
		};
/* End PBXNativeTarget section */

/* Begin PBXProject section */
		23F73F40204AE566005223CD /* Project object */ = {
			isa = PBXProject;
			attributes = {
				LastSwiftUpdateCheck = 0920;
				LastUpgradeCheck = 0920;
				ORGANIZATIONNAME = "艺林";
				TargetAttributes = {
					23F73F47204AE566005223CD = {
						CreatedOnToolsVersion = 9.2;
						ProvisioningStyle = Automatic;
					};
					23F73F5B204AE566005223CD = {
						CreatedOnToolsVersion = 9.2;
						ProvisioningStyle = Automatic;
						TestTargetID = 23F73F47204AE566005223CD;
					};
					23F73F66204AE566005223CD = {
						CreatedOnToolsVersion = 9.2;
						ProvisioningStyle = Automatic;
						TestTargetID = 23F73F47204AE566005223CD;
					};
				};
			};
			buildConfigurationList = 23F73F43204AE566005223CD /* Build configuration list for PBXProject "EmoClock" */;
			compatibilityVersion = "Xcode 8.0";
			developmentRegion = en;
			hasScannedForEncodings = 0;
			knownRegions = (
				en,
				Base,
			);
			mainGroup = 23F73F3F204AE566005223CD;
			productRefGroup = 23F73F49204AE566005223CD /* Products */;
			projectDirPath = "";
			projectRoot = "";
			targets = (
				23F73F47204AE566005223CD /* EmoClock */,
				23F73F5B204AE566005223CD /* EmoClockTests */,
				23F73F66204AE566005223CD /* EmoClockUITests */,
			);
		};
/* End PBXProject section */

/* Begin PBXResourcesBuildPhase section */
		23F73F46204AE566005223CD /* Resources */ = {
			isa = PBXResourcesBuildPhase;
			buildActionMask = 2147483647;
			files = (
				231FABF4209ECE7500E5B71F /* 7.m4a in Resources */,
				231FABEB209ECE7500E5B71F /* 5.m4a in Resources */,
				231FABEC209ECE7500E5B71F /* 4.m4a in Resources */,
				231FABEF209ECE7500E5B71F /* 1.m4a in Resources */,
				231FABF1209ECE7500E5B71F /* 372.m4a in Resources */,
				231FABF6209ECE7500E5B71F /* 18.m4a in Resources */,
				23F73F56204AE566005223CD /* LaunchScreen.storyboard in Resources */,
				231FABE9209ECE7500E5B71F /* 411.m4a in Resources */,
				231FABED209ECE7500E5B71F /* 33.m4a in Resources */,
				231FABEA209ECE7500E5B71F /* 6.m4a in Resources */,
				231FABEE209ECE7500E5B71F /* 494.m4a in Resources */,
				231FABF5209ECE7500E5B71F /* 13.m4a in Resources */,
				231FABF0209ECE7500E5B71F /* 520.m4a in Resources */,
				231FABF2209ECE7500E5B71F /* 100.m4a in Resources */,
				23F73F53204AE566005223CD /* Assets.xcassets in Resources */,
				23F73F51204AE566005223CD /* Main.storyboard in Resources */,
				231FABF3209ECE7500E5B71F /* 8.m4a in Resources */,
			);
			runOnlyForDeploymentPostprocessing = 0;
		};
		23F73F5A204AE566005223CD /* Resources */ = {
			isa = PBXResourcesBuildPhase;
			buildActionMask = 2147483647;
			files = (
			);
			runOnlyForDeploymentPostprocessing = 0;
		};
		23F73F65204AE566005223CD /* Resources */ = {
			isa = PBXResourcesBuildPhase;
			buildActionMask = 2147483647;
			files = (
			);
			runOnlyForDeploymentPostprocessing = 0;
		};
/* End PBXResourcesBuildPhase section */

/* Begin PBXSourcesBuildPhase section */
		23F73F44204AE566005223CD /* Sources */ = {
			isa = PBXSourcesBuildPhase;
			buildActionMask = 2147483647;
			files = (
				235CB22A20AFE4E5008A297F /* NormalProblems.swift in Sources */,
				2335A309204D41300057BDCB /* Ringing.swift in Sources */,
				23F73F4C204AE566005223CD /* AppDelegate.swift in Sources */,
				23F73F9A204AFC95005223CD /* MainPage.swift in Sources */,
				235CB23020B051C1008A297F /* SelfTest3.swift in Sources */,
				23F5D3D320503C2E006707AC /* Alarm.swift in Sources */,
				235CB22E20B04C47008A297F /* SelfTest1.swift in Sources */,
				235CB22C20B0029F008A297F /* SelfTestAlert.swift in Sources */,
				235CB23220B052D6008A297F /* SelfTest4.swift in Sources */,
				23C1C44B20D560EF00D8F5A6 /* StartPageCell.swift in Sources */,
				23028AA320B163A600690FCE /* SelfTestOver.swift in Sources */,
				2335A305204CEAB30057BDCB /* AddClock.swift in Sources */,
				231FABF8209ED06500E5B71F /* MusicChosen.swift in Sources */,
				2323E3AC2092130B00906DD4 /* StoreFileManager.swift in Sources */,
				2335A307204D28CF0057BDCB /* Statistics.swift in Sources */,
				23048D6620AD54950062CBAA /* UIDeviceExt.swift in Sources */,
				2335A30B204D41550057BDCB /* Feedback.swift in Sources */,
				23D12B3C209DE408004CE803 /* GuideView.swift in Sources */,
				235CB23420B053D4008A297F /* SelfTest5.swift in Sources */,
				233C534B204C1F8B00D0383C /* Setting.swift in Sources */,
				23C1C44920D55AED00D8F5A6 /* StartPage.swift in Sources */,
				235CB23820B05408008A297F /* SelfTest2.swift in Sources */,
				235CB23620B053FE008A297F /* SelfTest6.swift in Sources */,
				23D63941208DD93000385A17 /* FontSizeAdaptor.swift in Sources */,
			);
			runOnlyForDeploymentPostprocessing = 0;
		};
		23F73F58204AE566005223CD /* Sources */ = {
			isa = PBXSourcesBuildPhase;
			buildActionMask = 2147483647;
			files = (
				23F73F61204AE566005223CD /* EmoClockTests.swift in Sources */,
			);
			runOnlyForDeploymentPostprocessing = 0;
		};
		23F73F63204AE566005223CD /* Sources */ = {
			isa = PBXSourcesBuildPhase;
			buildActionMask = 2147483647;
			files = (
				23F73F6C204AE566005223CD /* EmoClockUITests.swift in Sources */,
			);
			runOnlyForDeploymentPostprocessing = 0;
		};
/* End PBXSourcesBuildPhase section */

/* Begin PBXTargetDependency section */
		23F73F5E204AE566005223CD /* PBXTargetDependency */ = {
			isa = PBXTargetDependency;
			target = 23F73F47204AE566005223CD /* EmoClock */;
			targetProxy = 23F73F5D204AE566005223CD /* PBXContainerItemProxy */;
		};
		23F73F69204AE566005223CD /* PBXTargetDependency */ = {
			isa = PBXTargetDependency;
			target = 23F73F47204AE566005223CD /* EmoClock */;
			targetProxy = 23F73F68204AE566005223CD /* PBXContainerItemProxy */;
		};
/* End PBXTargetDependency section */

/* Begin PBXVariantGroup section */
		23F73F4F204AE566005223CD /* Main.storyboard */ = {
			isa = PBXVariantGroup;
			children = (
				23F73F50204AE566005223CD /* Base */,
			);
			name = Main.storyboard;
			sourceTree = "<group>";
		};
		23F73F54204AE566005223CD /* LaunchScreen.storyboard */ = {
			isa = PBXVariantGroup;
			children = (
				23F73F55204AE566005223CD /* Base */,
			);
			name = LaunchScreen.storyboard;
			sourceTree = "<group>";
		};
/* End PBXVariantGroup section */

/* Begin XCBuildConfiguration section */
		23F73F6E204AE566005223CD /* Debug */ = {
			isa = XCBuildConfiguration;
			buildSettings = {
				ALWAYS_SEARCH_USER_PATHS = NO;
				CLANG_ANALYZER_NONNULL = YES;
				CLANG_ANALYZER_NUMBER_OBJECT_CONVERSION = YES_AGGRESSIVE;
				CLANG_CXX_LANGUAGE_STANDARD = "gnu++14";
				CLANG_CXX_LIBRARY = "libc++";
				CLANG_ENABLE_MODULES = YES;
				CLANG_ENABLE_OBJC_ARC = YES;
				CLANG_WARN_BLOCK_CAPTURE_AUTORELEASING = YES;
				CLANG_WARN_BOOL_CONVERSION = YES;
				CLANG_WARN_COMMA = YES;
				CLANG_WARN_CONSTANT_CONVERSION = YES;
				CLANG_WARN_DIRECT_OBJC_ISA_USAGE = YES_ERROR;
				CLANG_WARN_DOCUMENTATION_COMMENTS = YES;
				CLANG_WARN_EMPTY_BODY = YES;
				CLANG_WARN_ENUM_CONVERSION = YES;
				CLANG_WARN_INFINITE_RECURSION = YES;
				CLANG_WARN_INT_CONVERSION = YES;
				CLANG_WARN_NON_LITERAL_NULL_CONVERSION = YES;
				CLANG_WARN_OBJC_LITERAL_CONVERSION = YES;
				CLANG_WARN_OBJC_ROOT_CLASS = YES_ERROR;
				CLANG_WARN_RANGE_LOOP_ANALYSIS = YES;
				CLANG_WARN_STRICT_PROTOTYPES = YES;
				CLANG_WARN_SUSPICIOUS_MOVE = YES;
				CLANG_WARN_UNGUARDED_AVAILABILITY = YES_AGGRESSIVE;
				CLANG_WARN_UNREACHABLE_CODE = YES;
				CLANG_WARN__DUPLICATE_METHOD_MATCH = YES;
				CODE_SIGN_IDENTITY = "iPhone Developer: Zhang Kejun (KDH9RVF5NA)";
				COPY_PHASE_STRIP = NO;
				DEBUG_INFORMATION_FORMAT = dwarf;
				ENABLE_STRICT_OBJC_MSGSEND = YES;
				ENABLE_TESTABILITY = YES;
				GCC_C_LANGUAGE_STANDARD = gnu11;
				GCC_DYNAMIC_NO_PIC = NO;
				GCC_NO_COMMON_BLOCKS = YES;
				GCC_OPTIMIZATION_LEVEL = 0;
				GCC_PREPROCESSOR_DEFINITIONS = (
					"DEBUG=1",
					"$(inherited)",
				);
				GCC_WARN_64_TO_32_BIT_CONVERSION = YES;
				GCC_WARN_ABOUT_RETURN_TYPE = YES_ERROR;
				GCC_WARN_UNDECLARED_SELECTOR = YES;
				GCC_WARN_UNINITIALIZED_AUTOS = YES_AGGRESSIVE;
				GCC_WARN_UNUSED_FUNCTION = YES;
				GCC_WARN_UNUSED_VARIABLE = YES;
				IPHONEOS_DEPLOYMENT_TARGET = 10.3;
				MTL_ENABLE_DEBUG_INFO = YES;
				ONLY_ACTIVE_ARCH = YES;
				SDKROOT = iphoneos;
				SWIFT_ACTIVE_COMPILATION_CONDITIONS = DEBUG;
				SWIFT_OPTIMIZATION_LEVEL = "-Onone";
			};
			name = Debug;
		};
		23F73F6F204AE566005223CD /* Release */ = {
			isa = XCBuildConfiguration;
			buildSettings = {
				ALWAYS_SEARCH_USER_PATHS = NO;
				CLANG_ANALYZER_NONNULL = YES;
				CLANG_ANALYZER_NUMBER_OBJECT_CONVERSION = YES_AGGRESSIVE;
				CLANG_CXX_LANGUAGE_STANDARD = "gnu++14";
				CLANG_CXX_LIBRARY = "libc++";
				CLANG_ENABLE_MODULES = YES;
				CLANG_ENABLE_OBJC_ARC = YES;
				CLANG_WARN_BLOCK_CAPTURE_AUTORELEASING = YES;
				CLANG_WARN_BOOL_CONVERSION = YES;
				CLANG_WARN_COMMA = YES;
				CLANG_WARN_CONSTANT_CONVERSION = YES;
				CLANG_WARN_DIRECT_OBJC_ISA_USAGE = YES_ERROR;
				CLANG_WARN_DOCUMENTATION_COMMENTS = YES;
				CLANG_WARN_EMPTY_BODY = YES;
				CLANG_WARN_ENUM_CONVERSION = YES;
				CLANG_WARN_INFINITE_RECURSION = YES;
				CLANG_WARN_INT_CONVERSION = YES;
				CLANG_WARN_NON_LITERAL_NULL_CONVERSION = YES;
				CLANG_WARN_OBJC_LITERAL_CONVERSION = YES;
				CLANG_WARN_OBJC_ROOT_CLASS = YES_ERROR;
				CLANG_WARN_RANGE_LOOP_ANALYSIS = YES;
				CLANG_WARN_STRICT_PROTOTYPES = YES;
				CLANG_WARN_SUSPICIOUS_MOVE = YES;
				CLANG_WARN_UNGUARDED_AVAILABILITY = YES_AGGRESSIVE;
				CLANG_WARN_UNREACHABLE_CODE = YES;
				CLANG_WARN__DUPLICATE_METHOD_MATCH = YES;
				CODE_SIGN_IDENTITY = "iPhone Developer: Zhang Kejun (KDH9RVF5NA)";
				COPY_PHASE_STRIP = NO;
				DEBUG_INFORMATION_FORMAT = "dwarf-with-dsym";
				ENABLE_NS_ASSERTIONS = NO;
				ENABLE_STRICT_OBJC_MSGSEND = YES;
				GCC_C_LANGUAGE_STANDARD = gnu11;
				GCC_NO_COMMON_BLOCKS = YES;
				GCC_WARN_64_TO_32_BIT_CONVERSION = YES;
				GCC_WARN_ABOUT_RETURN_TYPE = YES_ERROR;
				GCC_WARN_UNDECLARED_SELECTOR = YES;
				GCC_WARN_UNINITIALIZED_AUTOS = YES_AGGRESSIVE;
				GCC_WARN_UNUSED_FUNCTION = YES;
				GCC_WARN_UNUSED_VARIABLE = YES;
				IPHONEOS_DEPLOYMENT_TARGET = 10.3;
				MTL_ENABLE_DEBUG_INFO = NO;
				SDKROOT = iphoneos;
				SWIFT_OPTIMIZATION_LEVEL = "-Owholemodule";
				VALIDATE_PRODUCT = YES;
			};
			name = Release;
		};
		23F73F71204AE566005223CD /* Debug */ = {
			isa = XCBuildConfiguration;
			buildSettings = {
				ASSETCATALOG_COMPILER_APPICON_NAME = AppIcon;
				"CODE_SIGN_IDENTITY[sdk=iphoneos*]" = "iPhone Developer";
				CODE_SIGN_STYLE = Automatic;
				DEVELOPMENT_TEAM = QF63X87GTF;
				INFOPLIST_FILE = EmoClock/Info.plist;
				IPHONEOS_DEPLOYMENT_TARGET = 10.0;
				LD_RUNPATH_SEARCH_PATHS = "$(inherited) @executable_path/Frameworks";
				PRODUCT_BUNDLE_IDENTIFIER = com.Erene.EmoClock;
				PRODUCT_NAME = "$(TARGET_NAME)";
				PROVISIONING_PROFILE_SPECIFIER = "";
				SWIFT_VERSION = 4.0;
				TARGETED_DEVICE_FAMILY = 1;
			};
			name = Debug;
		};
		23F73F72204AE566005223CD /* Release */ = {
			isa = XCBuildConfiguration;
			buildSettings = {
				ASSETCATALOG_COMPILER_APPICON_NAME = AppIcon;
				"CODE_SIGN_IDENTITY[sdk=iphoneos*]" = "iPhone Developer";
				CODE_SIGN_STYLE = Automatic;
				DEVELOPMENT_TEAM = QF63X87GTF;
				INFOPLIST_FILE = EmoClock/Info.plist;
				IPHONEOS_DEPLOYMENT_TARGET = 10.0;
				LD_RUNPATH_SEARCH_PATHS = "$(inherited) @executable_path/Frameworks";
				PRODUCT_BUNDLE_IDENTIFIER = com.Erene.EmoClock;
				PRODUCT_NAME = "$(TARGET_NAME)";
				PROVISIONING_PROFILE_SPECIFIER = "";
				SWIFT_VERSION = 4.0;
				TARGETED_DEVICE_FAMILY = 1;
			};
			name = Release;
		};
		23F73F74204AE566005223CD /* Debug */ = {
			isa = XCBuildConfiguration;
			buildSettings = {
				ALWAYS_EMBED_SWIFT_STANDARD_LIBRARIES = YES;
				BUNDLE_LOADER = "$(TEST_HOST)";
				CODE_SIGN_STYLE = Automatic;
				DEVELOPMENT_TEAM = G6B6P5TXY2;
				INFOPLIST_FILE = EmoClockTests/Info.plist;
				LD_RUNPATH_SEARCH_PATHS = "$(inherited) @executable_path/Frameworks @loader_path/Frameworks";
				PRODUCT_BUNDLE_IDENTIFIER = Erene.EmoClockTests;
				PRODUCT_NAME = "$(TARGET_NAME)";
				SWIFT_VERSION = 4.0;
				TARGETED_DEVICE_FAMILY = "1,2";
				TEST_HOST = "$(BUILT_PRODUCTS_DIR)/EmoClock.app/EmoClock";
			};
			name = Debug;
		};
		23F73F75204AE566005223CD /* Release */ = {
			isa = XCBuildConfiguration;
			buildSettings = {
				ALWAYS_EMBED_SWIFT_STANDARD_LIBRARIES = YES;
				BUNDLE_LOADER = "$(TEST_HOST)";
				CODE_SIGN_STYLE = Automatic;
				DEVELOPMENT_TEAM = G6B6P5TXY2;
				INFOPLIST_FILE = EmoClockTests/Info.plist;
				LD_RUNPATH_SEARCH_PATHS = "$(inherited) @executable_path/Frameworks @loader_path/Frameworks";
				PRODUCT_BUNDLE_IDENTIFIER = Erene.EmoClockTests;
				PRODUCT_NAME = "$(TARGET_NAME)";
				SWIFT_VERSION = 4.0;
				TARGETED_DEVICE_FAMILY = "1,2";
				TEST_HOST = "$(BUILT_PRODUCTS_DIR)/EmoClock.app/EmoClock";
			};
			name = Release;
		};
		23F73F77204AE566005223CD /* Debug */ = {
			isa = XCBuildConfiguration;
			buildSettings = {
				ALWAYS_EMBED_SWIFT_STANDARD_LIBRARIES = YES;
				CODE_SIGN_STYLE = Automatic;
				DEVELOPMENT_TEAM = G6B6P5TXY2;
				INFOPLIST_FILE = EmoClockUITests/Info.plist;
				LD_RUNPATH_SEARCH_PATHS = "$(inherited) @executable_path/Frameworks @loader_path/Frameworks";
				PRODUCT_BUNDLE_IDENTIFIER = Erene.EmoClockUITests;
				PRODUCT_NAME = "$(TARGET_NAME)";
				SWIFT_VERSION = 4.0;
				TARGETED_DEVICE_FAMILY = "1,2";
				TEST_TARGET_NAME = EmoClock;
			};
			name = Debug;
		};
		23F73F78204AE566005223CD /* Release */ = {
			isa = XCBuildConfiguration;
			buildSettings = {
				ALWAYS_EMBED_SWIFT_STANDARD_LIBRARIES = YES;
				CODE_SIGN_STYLE = Automatic;
				DEVELOPMENT_TEAM = G6B6P5TXY2;
				INFOPLIST_FILE = EmoClockUITests/Info.plist;
				LD_RUNPATH_SEARCH_PATHS = "$(inherited) @executable_path/Frameworks @loader_path/Frameworks";
				PRODUCT_BUNDLE_IDENTIFIER = Erene.EmoClockUITests;
				PRODUCT_NAME = "$(TARGET_NAME)";
				SWIFT_VERSION = 4.0;
				TARGETED_DEVICE_FAMILY = "1,2";
				TEST_TARGET_NAME = EmoClock;
			};
			name = Release;
		};
/* End XCBuildConfiguration section */

/* Begin XCConfigurationList section */
		23F73F43204AE566005223CD /* Build configuration list for PBXProject "EmoClock" */ = {
			isa = XCConfigurationList;
			buildConfigurations = (
				23F73F6E204AE566005223CD /* Debug */,
				23F73F6F204AE566005223CD /* Release */,
			);
			defaultConfigurationIsVisible = 0;
			defaultConfigurationName = Release;
		};
		23F73F70204AE566005223CD /* Build configuration list for PBXNativeTarget "EmoClock" */ = {
			isa = XCConfigurationList;
			buildConfigurations = (
				23F73F71204AE566005223CD /* Debug */,
				23F73F72204AE566005223CD /* Release */,
			);
			defaultConfigurationIsVisible = 0;
			defaultConfigurationName = Release;
		};
		23F73F73204AE566005223CD /* Build configuration list for PBXNativeTarget "EmoClockTests" */ = {
			isa = XCConfigurationList;
			buildConfigurations = (
				23F73F74204AE566005223CD /* Debug */,
				23F73F75204AE566005223CD /* Release */,
			);
			defaultConfigurationIsVisible = 0;
			defaultConfigurationName = Release;
		};
		23F73F76204AE566005223CD /* Build configuration list for PBXNativeTarget "EmoClockUITests" */ = {
			isa = XCConfigurationList;
			buildConfigurations = (
				23F73F77204AE566005223CD /* Debug */,
				23F73F78204AE566005223CD /* Release */,
			);
			defaultConfigurationIsVisible = 0;
			defaultConfigurationName = Release;
		};
/* End XCConfigurationList section */
	};
	rootObject = 23F73F40204AE566005223CD /* Project object */;
}
